
Microsoft Visual Studio Solution File, Format Version 12.00
# Visual Studio Version 16
VisualStudioVersion = 16.0.29306.81
MinimumVisualStudioVersion = 10.0.40219.1
Project("{FAE04EC0-301F-11D3-BF4B-00C04F79EFBC}") = "SQLharj", "SQLharj\SQLharj.csproj", "{9590E158-C9C6-465F-8010-A947A0880400}"
EndProject
Global
	GlobalSection(SolutionConfigurationPlatforms) = preSolution
		Debug|Any CPU = Debug|Any CPU
		Release|Any CPU = Release|Any CPU
	EndGlobalSection
	GlobalSection(ProjectConfigurationPlatforms) = postSolution
		{9590E158-C9C6-465F-8010-A947A0880400}.Debug|Any CPU.ActiveCfg = Debug|Any CPU
		{9590E158-C9C6-465F-8010-A947A0880400}.Debug|Any CPU.Build.0 = Debug|Any CPU
		{9590E158-C9C6-465F-8010-A947A0880400}.Release|Any CPU.ActiveCfg = Release|Any CPU
		{9590E158-C9C6-465F-8010-A947A0880400}.Release|Any CPU.Build.0 = Release|Any CPU
	EndGlobalSection
	GlobalSection(SolutionProperties) = preSolution
		HideSolutionNode = FALSE
	EndGlobalSection
	GlobalSection(ExtensibilityGlobals) = postSolution
		SolutionGuid = {4CE901F4-574A-45F9-9E4C-61F1795D3738}
	EndGlobalSection
EndGlobal
