
Microsoft Visual Studio Solution File, Format Version 12.00
# Visual Studio Version 16
VisualStudioVersion = 16.0.29306.81
MinimumVisualStudioVersion = 10.0.40219.1
Project("{FAE04EC0-301F-11D3-BF4B-00C04F79EFBC}") = "CsharpTreenia", "CsharpTreenia\CsharpTreenia.csproj", "{B16DF352-2C9C-45DA-BB0D-902BC3F654F1}"
EndProject
Global
	GlobalSection(SolutionConfigurationPlatforms) = preSolution
		Debug|Any CPU = Debug|Any CPU
		Release|Any CPU = Release|Any CPU
	EndGlobalSection
	GlobalSection(ProjectConfigurationPlatforms) = postSolution
		{B16DF352-2C9C-45DA-BB0D-902BC3F654F1}.Debug|Any CPU.ActiveCfg = Debug|Any CPU
		{B16DF352-2C9C-45DA-BB0D-902BC3F654F1}.Debug|Any CPU.Build.0 = Debug|Any CPU
		{B16DF352-2C9C-45DA-BB0D-902BC3F654F1}.Release|Any CPU.ActiveCfg = Release|Any CPU
		{B16DF352-2C9C-45DA-BB0D-902BC3F654F1}.Release|Any CPU.Build.0 = Release|Any CPU
	EndGlobalSection
	GlobalSection(SolutionProperties) = preSolution
		HideSolutionNode = FALSE
	EndGlobalSection
	GlobalSection(ExtensibilityGlobals) = postSolution
		SolutionGuid = {1EC6032F-80C8-451B-B2F1-BFB972B7FE57}
	EndGlobalSection
EndGlobal
